
Microsoft Visual Studio Solution File, Format Version 12.00
# Visual Studio Version 17
VisualStudioVersion = 17.13.35806.99 d17.13
MinimumVisualStudioVersion = 10.0.40219.1
Project("{FAE04EC0-301F-11D3-BF4B-00C04F79EFBC}") = "Labo1", "Labo1\Labo1.csproj", "{5B10092C-501A-45E8-A8C1-44E1F8874280}"
EndProject
Project("{FAE04EC0-301F-11D3-BF4B-00C04F79EFBC}") = "MyShapeLibrary", "MyShapeLibrary\MyShapeLibrary.csproj", "{74C277AF-7845-4D21-9206-15C0EE0FEB18}"
EndProject
Global
	GlobalSection(SolutionConfigurationPlatforms) = preSolution
		Debug|Any CPU = Debug|Any CPU
		Release|Any CPU = Release|Any CPU
	EndGlobalSection
	GlobalSection(ProjectConfigurationPlatforms) = postSolution
		{5B10092C-501A-45E8-A8C1-44E1F8874280}.Debug|Any CPU.ActiveCfg = Debug|Any CPU
		{5B10092C-501A-45E8-A8C1-44E1F8874280}.Debug|Any CPU.Build.0 = Debug|Any CPU
		{5B10092C-501A-45E8-A8C1-44E1F8874280}.Release|Any CPU.ActiveCfg = Release|Any CPU
		{5B10092C-501A-45E8-A8C1-44E1F8874280}.Release|Any CPU.Build.0 = Release|Any CPU
		{74C277AF-7845-4D21-9206-15C0EE0FEB18}.Debug|Any CPU.ActiveCfg = Debug|Any CPU
		{74C277AF-7845-4D21-9206-15C0EE0FEB18}.Debug|Any CPU.Build.0 = Debug|Any CPU
		{74C277AF-7845-4D21-9206-15C0EE0FEB18}.Release|Any CPU.ActiveCfg = Release|Any CPU
		{74C277AF-7845-4D21-9206-15C0EE0FEB18}.Release|Any CPU.Build.0 = Release|Any CPU
	EndGlobalSection
	GlobalSection(SolutionProperties) = preSolution
		HideSolutionNode = FALSE
	EndGlobalSection
	GlobalSection(ExtensibilityGlobals) = postSolution
		SolutionGuid = {56E0D537-774A-4223-A93A-8249A9078467}
	EndGlobalSection
EndGlobal
